
Microsoft Visual Studio Solution File, Format Version 12.00
Project("{FAE04EC0-301F-11D3-BF4B-00C04F79EFBC}") = "salt_rat", "salt_rat.csproj", "{B7634943-9BAA-44A8-B00A-D1212DAFBDBC}"
EndProject
Global
	GlobalSection(SolutionConfigurationPlatforms) = preSolution
		Debug|Any CPU = Debug|Any CPU
		Release|Any CPU = Release|Any CPU
	EndGlobalSection
	GlobalSection(ProjectConfigurationPlatforms) = postSolution
		{B7634943-9BAA-44A8-B00A-D1212DAFBDBC}.Debug|Any CPU.ActiveCfg = Debug|Any CPU
		{B7634943-9BAA-44A8-B00A-D1212DAFBDBC}.Debug|Any CPU.Build.0 = Debug|Any CPU
		{B7634943-9BAA-44A8-B00A-D1212DAFBDBC}.Release|Any CPU.ActiveCfg = Release|Any CPU
		{B7634943-9BAA-44A8-B00A-D1212DAFBDBC}.Release|Any CPU.Build.0 = Release|Any CPU
	EndGlobalSection
EndGlobal
